
Microsoft Visual Studio Solution File, Format Version 12.00
# Visual Studio Version 17
VisualStudioVersion = 17.9.34728.123
MinimumVisualStudioVersion = 10.0.40219.1
Project("{FAE04EC0-301F-11D3-BF4B-00C04F79EFBC}") = "CoffeeMachineAPI", "CoffeeMachineAPI.csproj", "{4A7929D7-6462-4FE9-A36C-42F7ADC5F757}"
EndProject
Global
	GlobalSection(SolutionConfigurationPlatforms) = preSolution
		Debug|Any CPU = Debug|Any CPU
		Release|Any CPU = Release|Any CPU
	EndGlobalSection
	GlobalSection(ProjectConfigurationPlatforms) = postSolution
		{4A7929D7-6462-4FE9-A36C-42F7ADC5F757}.Debug|Any CPU.ActiveCfg = Debug|Any CPU
		{4A7929D7-6462-4FE9-A36C-42F7ADC5F757}.Debug|Any CPU.Build.0 = Debug|Any CPU
		{4A7929D7-6462-4FE9-A36C-42F7ADC5F757}.Release|Any CPU.ActiveCfg = Release|Any CPU
		{4A7929D7-6462-4FE9-A36C-42F7ADC5F757}.Release|Any CPU.Build.0 = Release|Any CPU
	EndGlobalSection
	GlobalSection(SolutionProperties) = preSolution
		HideSolutionNode = FALSE
	EndGlobalSection
	GlobalSection(ExtensibilityGlobals) = postSolution
		SolutionGuid = {7CD9AB3F-0EEE-4DD3-8EA7-59AD46F73027}
	EndGlobalSection
EndGlobal
